
Microsoft Visual Studio Solution File, Format Version 12.00
# Visual Studio Version 16
VisualStudioVersion = 16.0.29613.14
MinimumVisualStudioVersion = 10.0.40219.1
Project("{9A19103F-16F7-4668-BE54-9A1E7A4F7556}") = "SG.CodeCoverage.Recorder", "SG.CodeCoverage.Recorder\SG.CodeCoverage.Recorder.csproj", "{02D49D31-8EB1-472D-9C4E-317A49364C69}"
EndProject
Project("{FAE04EC0-301F-11D3-BF4B-00C04F79EFBC}") = "SampleProjectForTest", "SampleProjectForTest\SampleProjectForTest.csproj", "{CB5FEFFD-B404-4EDD-8D33-D92E6D448392}"
EndProject
Project("{FAE04EC0-301F-11D3-BF4B-00C04F79EFBC}") = "SG.CodeCoverage", "SG.CodeCoverage\SG.CodeCoverage.csproj", "{EA4683EB-B40D-463A-A08D-AE5ED4FE6254}"
EndProject
Global
	GlobalSection(SolutionConfigurationPlatforms) = preSolution
		Debug|Any CPU = Debug|Any CPU
		Release|Any CPU = Release|Any CPU
	EndGlobalSection
	GlobalSection(ProjectConfigurationPlatforms) = postSolution
		{02D49D31-8EB1-472D-9C4E-317A49364C69}.Debug|Any CPU.ActiveCfg = Debug|Any CPU
		{02D49D31-8EB1-472D-9C4E-317A49364C69}.Debug|Any CPU.Build.0 = Debug|Any CPU
		{02D49D31-8EB1-472D-9C4E-317A49364C69}.Release|Any CPU.ActiveCfg = Release|Any CPU
		{02D49D31-8EB1-472D-9C4E-317A49364C69}.Release|Any CPU.Build.0 = Release|Any CPU
		{CB5FEFFD-B404-4EDD-8D33-D92E6D448392}.Debug|Any CPU.ActiveCfg = Debug|Any CPU
		{CB5FEFFD-B404-4EDD-8D33-D92E6D448392}.Debug|Any CPU.Build.0 = Debug|Any CPU
		{CB5FEFFD-B404-4EDD-8D33-D92E6D448392}.Release|Any CPU.ActiveCfg = Release|Any CPU
		{CB5FEFFD-B404-4EDD-8D33-D92E6D448392}.Release|Any CPU.Build.0 = Release|Any CPU
		{EA4683EB-B40D-463A-A08D-AE5ED4FE6254}.Debug|Any CPU.ActiveCfg = Debug|Any CPU
		{EA4683EB-B40D-463A-A08D-AE5ED4FE6254}.Debug|Any CPU.Build.0 = Debug|Any CPU
		{EA4683EB-B40D-463A-A08D-AE5ED4FE6254}.Release|Any CPU.ActiveCfg = Release|Any CPU
		{EA4683EB-B40D-463A-A08D-AE5ED4FE6254}.Release|Any CPU.Build.0 = Release|Any CPU
	EndGlobalSection
	GlobalSection(SolutionProperties) = preSolution
		HideSolutionNode = FALSE
	EndGlobalSection
	GlobalSection(ExtensibilityGlobals) = postSolution
		SolutionGuid = {6B006F7D-3919-45E5-AF7E-37C161C6BC55}
	EndGlobalSection
EndGlobal
